// !$*UTF8*$!
{
	archiveVersion = 1;
	classes = {
	};
	objectVersion = 56;
	objects = {

/* Begin PBXBuildFile section */
		102D8CC62C4B30FA00B50F59 /* Usuarios.json in Resources */ = {isa = PBXBuildFile; fileRef = 102D8CC52C4B30FA00B50F59 /* Usuarios.json */; };
		10B8354F2C46AE0400A5322D /* AppDelegate.swift in Sources */ = {isa = PBXBuildFile; fileRef = 10B8354E2C46AE0400A5322D /* AppDelegate.swift */; };
		10B835512C46AE0400A5322D /* SceneDelegate.swift in Sources */ = {isa = PBXBuildFile; fileRef = 10B835502C46AE0400A5322D /* SceneDelegate.swift */; };
		10B835532C46AE0400A5322D /* ViewController.swift in Sources */ = {isa = PBXBuildFile; fileRef = 10B835522C46AE0400A5322D /* ViewController.swift */; };
		10B835562C46AE0400A5322D /* Base in Resources */ = {isa = PBXBuildFile; fileRef = 10B835552C46AE0400A5322D /* Base */; };
		10B835582C46AE0500A5322D /* Assets.xcassets in Resources */ = {isa = PBXBuildFile; fileRef = 10B835572C46AE0500A5322D /* Assets.xcassets */; };
		10B8355B2C46AE0500A5322D /* Base in Resources */ = {isa = PBXBuildFile; fileRef = 10B8355A2C46AE0500A5322D /* Base */; };
		10B835662C46AE0500A5322D /* RestauranteTests.swift in Sources */ = {isa = PBXBuildFile; fileRef = 10B835652C46AE0500A5322D /* RestauranteTests.swift */; };
		10B835702C46AE0500A5322D /* RestauranteUITests.swift in Sources */ = {isa = PBXBuildFile; fileRef = 10B8356F2C46AE0500A5322D /* RestauranteUITests.swift */; };
		10B835722C46AE0500A5322D /* RestauranteUITestsLaunchTests.swift in Sources */ = {isa = PBXBuildFile; fileRef = 10B835712C46AE0500A5322D /* RestauranteUITestsLaunchTests.swift */; };
		10E0CDD52C46BF53000F4ACF /* LoginControler.swift in Sources */ = {isa = PBXBuildFile; fileRef = 10E0CDD42C46BF53000F4ACF /* LoginControler.swift */; };
		10E0CDD72C46BF63000F4ACF /* BienvenidaControler.swift in Sources */ = {isa = PBXBuildFile; fileRef = 10E0CDD62C46BF63000F4ACF /* BienvenidaControler.swift */; };
/* End PBXBuildFile section */

/* Begin PBXContainerItemProxy section */
		10B835622C46AE0500A5322D /* PBXContainerItemProxy */ = {
			isa = PBXContainerItemProxy;
			containerPortal = 10B835432C46AE0400A5322D /* Project object */;
			proxyType = 1;
			remoteGlobalIDString = 10B8354A2C46AE0400A5322D;
			remoteInfo = Restaurante;
		};
		10B8356C2C46AE0500A5322D /* PBXContainerItemProxy */ = {
			isa = PBXContainerItemProxy;
			containerPortal = 10B835432C46AE0400A5322D /* Project object */;
			proxyType = 1;
			remoteGlobalIDString = 10B8354A2C46AE0400A5322D;
			remoteInfo = Restaurante;
		};
/* End PBXContainerItemProxy section */

/* Begin PBXFileReference section */
		102D8CC52C4B30FA00B50F59 /* Usuarios.json */ = {isa = PBXFileReference; fileEncoding = 4; lastKnownFileType = text.json; path = Usuarios.json; sourceTree = "<group>"; };
		10B8354B2C46AE0400A5322D /* Restaurante.app */ = {isa = PBXFileReference; explicitFileType = wrapper.application; includeInIndex = 0; path = Restaurante.app; sourceTree = BUILT_PRODUCTS_DIR; };
		10B8354E2C46AE0400A5322D /* AppDelegate.swift */ = {isa = PBXFileReference; lastKnownFileType = sourcecode.swift; path = AppDelegate.swift; sourceTree = "<group>"; };
		10B835502C46AE0400A5322D /* SceneDelegate.swift */ = {isa = PBXFileReference; lastKnownFileType = sourcecode.swift; path = SceneDelegate.swift; sourceTree = "<group>"; };
		10B835522C46AE0400A5322D /* ViewController.swift */ = {isa = PBXFileReference; lastKnownFileType = sourcecode.swift; path = ViewController.swift; sourceTree = "<group>"; };
		10B835552C46AE0400A5322D /* Base */ = {isa = PBXFileReference; lastKnownFileType = file.storyboard; name = Base; path = Base.lproj/Main.storyboard; sourceTree = "<group>"; };
		10B835572C46AE0500A5322D /* Assets.xcassets */ = {isa = PBXFileReference; lastKnownFileType = folder.assetcatalog; path = Assets.xcassets; sourceTree = "<group>"; };
		10B8355A2C46AE0500A5322D /* Base */ = {isa = PBXFileReference; lastKnownFileType = file.storyboard; name = Base; path = Base.lproj/LaunchScreen.storyboard; sourceTree = "<group>"; };
		10B8355C2C46AE0500A5322D /* Info.plist */ = {isa = PBXFileReference; lastKnownFileType = text.plist.xml; path = Info.plist; sourceTree = "<group>"; };
		10B835612C46AE0500A5322D /* RestauranteTests.xctest */ = {isa = PBXFileReference; explicitFileType = wrapper.cfbundle; includeInIndex = 0; path = RestauranteTests.xctest; sourceTree = BUILT_PRODUCTS_DIR; };
		10B835652C46AE0500A5322D /* RestauranteTests.swift */ = {isa = PBXFileReference; lastKnownFileType = sourcecode.swift; path = RestauranteTests.swift; sourceTree = "<group>"; };
		10B8356B2C46AE0500A5322D /* RestauranteUITests.xctest */ = {isa = PBXFileReference; explicitFileType = wrapper.cfbundle; includeInIndex = 0; path = RestauranteUITests.xctest; sourceTree = BUILT_PRODUCTS_DIR; };
		10B8356F2C46AE0500A5322D /* RestauranteUITests.swift */ = {isa = PBXFileReference; lastKnownFileType = sourcecode.swift; path = RestauranteUITests.swift; sourceTree = "<group>"; };
		10B835712C46AE0500A5322D /* RestauranteUITestsLaunchTests.swift */ = {isa = PBXFileReference; lastKnownFileType = sourcecode.swift; path = RestauranteUITestsLaunchTests.swift; sourceTree = "<group>"; };
		10E0CDD42C46BF53000F4ACF /* LoginControler.swift */ = {isa = PBXFileReference; lastKnownFileType = sourcecode.swift; path = LoginControler.swift; sourceTree = "<group>"; };
		10E0CDD62C46BF63000F4ACF /* BienvenidaControler.swift */ = {isa = PBXFileReference; lastKnownFileType = sourcecode.swift; path = BienvenidaControler.swift; sourceTree = "<group>"; };
/* End PBXFileReference section */

/* Begin PBXFrameworksBuildPhase section */
		10B835482C46AE0400A5322D /* Frameworks */ = {
			isa = PBXFrameworksBuildPhase;
			buildActionMask = 2147483647;
			files = (
			);
			runOnlyForDeploymentPostprocessing = 0;
		};
		10B8355E2C46AE0500A5322D /* Frameworks */ = {
			isa = PBXFrameworksBuildPhase;
			buildActionMask = 2147483647;
			files = (
			);
			runOnlyForDeploymentPostprocessing = 0;
		};
		10B835682C46AE0500A5322D /* Frameworks */ = {
			isa = PBXFrameworksBuildPhase;
			buildActionMask = 2147483647;
			files = (
			);
			runOnlyForDeploymentPostprocessing = 0;
		};
/* End PBXFrameworksBuildPhase section */

/* Begin PBXGroup section */
		10B835422C46AE0400A5322D = {
			isa = PBXGroup;
			children = (
				102D8CC52C4B30FA00B50F59 /* Usuarios.json */,
				10B8354D2C46AE0400A5322D /* Restaurante */,
				10B835642C46AE0500A5322D /* RestauranteTests */,
				10B8356E2C46AE0500A5322D /* RestauranteUITests */,
				10B8354C2C46AE0400A5322D /* Products */,
			);
			sourceTree = "<group>";
		};
		10B8354C2C46AE0400A5322D /* Products */ = {
			isa = PBXGroup;
			children = (
				10B8354B2C46AE0400A5322D /* Restaurante.app */,
				10B835612C46AE0500A5322D /* RestauranteTests.xctest */,
				10B8356B2C46AE0500A5322D /* RestauranteUITests.xctest */,
			);
			name = Products;
			sourceTree = "<group>";
		};
		10B8354D2C46AE0400A5322D /* Restaurante */ = {
			isa = PBXGroup;
			children = (
				10E0CDD32C46BF13000F4ACF /* Controler */,
				10B8354E2C46AE0400A5322D /* AppDelegate.swift */,
				10B835502C46AE0400A5322D /* SceneDelegate.swift */,
				10B835522C46AE0400A5322D /* ViewController.swift */,
				10B835542C46AE0400A5322D /* Main.storyboard */,
				10B835572C46AE0500A5322D /* Assets.xcassets */,
				10B835592C46AE0500A5322D /* LaunchScreen.storyboard */,
				10B8355C2C46AE0500A5322D /* Info.plist */,
			);
			path = Restaurante;
			sourceTree = "<group>";
		};
		10B835642C46AE0500A5322D /* RestauranteTests */ = {
			isa = PBXGroup;
			children = (
				10B835652C46AE0500A5322D /* RestauranteTests.swift */,
			);
			path = RestauranteTests;
			sourceTree = "<group>";
		};
		10B8356E2C46AE0500A5322D /* RestauranteUITests */ = {
			isa = PBXGroup;
			children = (
				10B8356F2C46AE0500A5322D /* RestauranteUITests.swift */,
				10B835712C46AE0500A5322D /* RestauranteUITestsLaunchTests.swift */,
			);
			path = RestauranteUITests;
			sourceTree = "<group>";
		};
		10E0CDD32C46BF13000F4ACF /* Controler */ = {
			isa = PBXGroup;
			children = (
				10E0CDD42C46BF53000F4ACF /* LoginControler.swift */,
				10E0CDD62C46BF63000F4ACF /* BienvenidaControler.swift */,
			);
			path = Controler;
			sourceTree = "<group>";
		};
/* End PBXGroup section */

/* Begin PBXNativeTarget section */
		10B8354A2C46AE0400A5322D /* Restaurante */ = {
			isa = PBXNativeTarget;
			buildConfigurationList = 10B835752C46AE0500A5322D /* Build configuration list for PBXNativeTarget "Restaurante" */;
			buildPhases = (
				10B835472C46AE0400A5322D /* Sources */,
				10B835482C46AE0400A5322D /* Frameworks */,
				10B835492C46AE0400A5322D /* Resources */,
			);
			buildRules = (
			);
			dependencies = (
			);
			name = Restaurante;
			productName = Restaurante;
			productReference = 10B8354B2C46AE0400A5322D /* Restaurante.app */;
			productType = "com.apple.product-type.application";
		};
		10B835602C46AE0500A5322D /* RestauranteTests */ = {
			isa = PBXNativeTarget;
			buildConfigurationList = 10B835782C46AE0500A5322D /* Build configuration list for PBXNativeTarget "RestauranteTests" */;
			buildPhases = (
				10B8355D2C46AE0500A5322D /* Sources */,
				10B8355E2C46AE0500A5322D /* Frameworks */,
				10B8355F2C46AE0500A5322D /* Resources */,
			);
			buildRules = (
			);
			dependencies = (
				10B835632C46AE0500A5322D /* PBXTargetDependency */,
			);
			name = RestauranteTests;
			productName = RestauranteTests;
			productReference = 10B835612C46AE0500A5322D /* RestauranteTests.xctest */;
			productType = "com.apple.product-type.bundle.unit-test";
		};
		10B8356A2C46AE0500A5322D /* RestauranteUITests */ = {
			isa = PBXNativeTarget;
			buildConfigurationList = 10B8357B2C46AE0500A5322D /* Build configuration list for PBXNativeTarget "RestauranteUITests" */;
			buildPhases = (
				10B835672C46AE0500A5322D /* Sources */,
				10B835682C46AE0500A5322D /* Frameworks */,
				10B835692C46AE0500A5322D /* Resources */,
			);
			buildRules = (
			);
			dependencies = (
				10B8356D2C46AE0500A5322D /* PBXTargetDependency */,
			);
			name = RestauranteUITests;
			productName = RestauranteUITests;
			productReference = 10B8356B2C46AE0500A5322D /* RestauranteUITests.xctest */;
			productType = "com.apple.product-type.bundle.ui-testing";
		};
/* End PBXNativeTarget section */

/* Begin PBXProject section */
		10B835432C46AE0400A5322D /* Project object */ = {
			isa = PBXProject;
			attributes = {
				BuildIndependentTargetsInParallel = 1;
				LastSwiftUpdateCheck = 1540;
				LastUpgradeCheck = 1540;
				TargetAttributes = {
					10B8354A2C46AE0400A5322D = {
						CreatedOnToolsVersion = 15.4;
					};
					10B835602C46AE0500A5322D = {
						CreatedOnToolsVersion = 15.4;
						TestTargetID = 10B8354A2C46AE0400A5322D;
					};
					10B8356A2C46AE0500A5322D = {
						CreatedOnToolsVersion = 15.4;
						TestTargetID = 10B8354A2C46AE0400A5322D;
					};
				};
			};
			buildConfigurationList = 10B835462C46AE0400A5322D /* Build configuration list for PBXProject "Restaurante" */;
			compatibilityVersion = "Xcode 14.0";
			developmentRegion = en;
			hasScannedForEncodings = 0;
			knownRegions = (
				en,
				Base,
			);
			mainGroup = 10B835422C46AE0400A5322D;
			productRefGroup = 10B8354C2C46AE0400A5322D /* Products */;
			projectDirPath = "";
			projectRoot = "";
			targets = (
				10B8354A2C46AE0400A5322D /* Restaurante */,
				10B835602C46AE0500A5322D /* RestauranteTests */,
				10B8356A2C46AE0500A5322D /* RestauranteUITests */,
			);
		};
/* End PBXProject section */

/* Begin PBXResourcesBuildPhase section */
		10B835492C46AE0400A5322D /* Resources */ = {
			isa = PBXResourcesBuildPhase;
			buildActionMask = 2147483647;
			files = (
				102D8CC62C4B30FA00B50F59 /* Usuarios.json in Resources */,
				10B835582C46AE0500A5322D /* Assets.xcassets in Resources */,
				10B8355B2C46AE0500A5322D /* Base in Resources */,
				10B835562C46AE0400A5322D /* Base in Resources */,
			);
			runOnlyForDeploymentPostprocessing = 0;
		};
		10B8355F2C46AE0500A5322D /* Resources */ = {
			isa = PBXResourcesBuildPhase;
			buildActionMask = 2147483647;
			files = (
			);
			runOnlyForDeploymentPostprocessing = 0;
		};
		10B835692C46AE0500A5322D /* Resources */ = {
			isa = PBXResourcesBuildPhase;
			buildActionMask = 2147483647;
			files = (
			);
			runOnlyForDeploymentPostprocessing = 0;
		};
/* End PBXResourcesBuildPhase section */

/* Begin PBXSourcesBuildPhase section */
		10B835472C46AE0400A5322D /* Sources */ = {
			isa = PBXSourcesBuildPhase;
			buildActionMask = 2147483647;
			files = (
				10E0CDD72C46BF63000F4ACF /* BienvenidaControler.swift in Sources */,
				10E0CDD52C46BF53000F4ACF /* LoginControler.swift in Sources */,
				10B835532C46AE0400A5322D /* ViewController.swift in Sources */,
				10B8354F2C46AE0400A5322D /* AppDelegate.swift in Sources */,
				10B835512C46AE0400A5322D /* SceneDelegate.swift in Sources */,
			);
			runOnlyForDeploymentPostprocessing = 0;
		};
		10B8355D2C46AE0500A5322D /* Sources */ = {
			isa = PBXSourcesBuildPhase;
			buildActionMask = 2147483647;
			files = (
				10B835662C46AE0500A5322D /* RestauranteTests.swift in Sources */,
			);
			runOnlyForDeploymentPostprocessing = 0;
		};
		10B835672C46AE0500A5322D /* Sources */ = {
			isa = PBXSourcesBuildPhase;
			buildActionMask = 2147483647;
			files = (
				10B835702C46AE0500A5322D /* RestauranteUITests.swift in Sources */,
				10B835722C46AE0500A5322D /* RestauranteUITestsLaunchTests.swift in Sources */,
			);
			runOnlyForDeploymentPostprocessing = 0;
		};
/* End PBXSourcesBuildPhase section */

/* Begin PBXTargetDependency section */
		10B835632C46AE0500A5322D /* PBXTargetDependency */ = {
			isa = PBXTargetDependency;
			target = 10B8354A2C46AE0400A5322D /* Restaurante */;
			targetProxy = 10B835622C46AE0500A5322D /* PBXContainerItemProxy */;
		};
		10B8356D2C46AE0500A5322D /* PBXTargetDependency */ = {
			isa = PBXTargetDependency;
			target = 10B8354A2C46AE0400A5322D /* Restaurante */;
			targetProxy = 10B8356C2C46AE0500A5322D /* PBXContainerItemProxy */;
		};
/* End PBXTargetDependency section */

/* Begin PBXVariantGroup section */
		10B835542C46AE0400A5322D /* Main.storyboard */ = {
			isa = PBXVariantGroup;
			children = (
				10B835552C46AE0400A5322D /* Base */,
			);
			name = Main.storyboard;
			sourceTree = "<group>";
		};
		10B835592C46AE0500A5322D /* LaunchScreen.storyboard */ = {
			isa = PBXVariantGroup;
			children = (
				10B8355A2C46AE0500A5322D /* Base */,
			);
			name = LaunchScreen.storyboard;
			sourceTree = "<group>";
		};
/* End PBXVariantGroup section */

/* Begin XCBuildConfiguration section */
		10B835732C46AE0500A5322D /* Debug */ = {
			isa = XCBuildConfiguration;
			buildSettings = {
				ALWAYS_SEARCH_USER_PATHS = NO;
				ASSETCATALOG_COMPILER_GENERATE_SWIFT_ASSET_SYMBOL_EXTENSIONS = YES;
				CLANG_ANALYZER_NONNULL = YES;
				CLANG_ANALYZER_NUMBER_OBJECT_CONVERSION = YES_AGGRESSIVE;
				CLANG_CXX_LANGUAGE_STANDARD = "gnu++20";
				CLANG_ENABLE_MODULES = YES;
				CLANG_ENABLE_OBJC_ARC = YES;
				CLANG_ENABLE_OBJC_WEAK = YES;
				CLANG_WARN_BLOCK_CAPTURE_AUTORELEASING = YES;
				CLANG_WARN_BOOL_CONVERSION = YES;
				CLANG_WARN_COMMA = YES;
				CLANG_WARN_CONSTANT_CONVERSION = YES;
				CLANG_WARN_DEPRECATED_OBJC_IMPLEMENTATIONS = YES;
				CLANG_WARN_DIRECT_OBJC_ISA_USAGE = YES_ERROR;
				CLANG_WARN_DOCUMENTATION_COMMENTS = YES;
				CLANG_WARN_EMPTY_BODY = YES;
				CLANG_WARN_ENUM_CONVERSION = YES;
				CLANG_WARN_INFINITE_RECURSION = YES;
				CLANG_WARN_INT_CONVERSION = YES;
				CLANG_WARN_NON_LITERAL_NULL_CONVERSION = YES;
				CLANG_WARN_OBJC_IMPLICIT_RETAIN_SELF = YES;
				CLANG_WARN_OBJC_LITERAL_CONVERSION = YES;
				CLANG_WARN_OBJC_ROOT_CLASS = YES_ERROR;
				CLANG_WARN_QUOTED_INCLUDE_IN_FRAMEWORK_HEADER = YES;
				CLANG_WARN_RANGE_LOOP_ANALYSIS = YES;
				CLANG_WARN_STRICT_PROTOTYPES = YES;
				CLANG_WARN_SUSPICIOUS_MOVE = YES;
				CLANG_WARN_UNGUARDED_AVAILABILITY = YES_AGGRESSIVE;
				CLANG_WARN_UNREACHABLE_CODE = YES;
				CLANG_WARN__DUPLICATE_METHOD_MATCH = YES;
				COPY_PHASE_STRIP = NO;
				DEBUG_INFORMATION_FORMAT = dwarf;
				ENABLE_STRICT_OBJC_MSGSEND = YES;
				ENABLE_TESTABILITY = YES;
				ENABLE_USER_SCRIPT_SANDBOXING = YES;
				GCC_C_LANGUAGE_STANDARD = gnu17;
				GCC_DYNAMIC_NO_PIC = NO;
				GCC_NO_COMMON_BLOCKS = YES;
				GCC_OPTIMIZATION_LEVEL = 0;
				GCC_PREPROCESSOR_DEFINITIONS = (
					"DEBUG=1",
					"$(inherited)",
				);
				GCC_WARN_64_TO_32_BIT_CONVERSION = YES;
				GCC_WARN_ABOUT_RETURN_TYPE = YES_ERROR;
				GCC_WARN_UNDECLARED_SELECTOR = YES;
				GCC_WARN_UNINITIALIZED_AUTOS = YES_AGGRESSIVE;
				GCC_WARN_UNUSED_FUNCTION = YES;
				GCC_WARN_UNUSED_VARIABLE = YES;
				IPHONEOS_DEPLOYMENT_TARGET = 17.5;
				LOCALIZATION_PREFERS_STRING_CATALOGS = YES;
				MTL_ENABLE_DEBUG_INFO = INCLUDE_SOURCE;
				MTL_FAST_MATH = YES;
				ONLY_ACTIVE_ARCH = YES;
				SDKROOT = iphoneos;
				SWIFT_ACTIVE_COMPILATION_CONDITIONS = "DEBUG $(inherited)";
				SWIFT_OPTIMIZATION_LEVEL = "-Onone";
			};
			name = Debug;
		};
		10B835742C46AE0500A5322D /* Release */ = {
			isa = XCBuildConfiguration;
			buildSettings = {
				ALWAYS_SEARCH_USER_PATHS = NO;
				ASSETCATALOG_COMPILER_GENERATE_SWIFT_ASSET_SYMBOL_EXTENSIONS = YES;
				CLANG_ANALYZER_NONNULL = YES;
				CLANG_ANALYZER_NUMBER_OBJECT_CONVERSION = YES_AGGRESSIVE;
				CLANG_CXX_LANGUAGE_STANDARD = "gnu++20";
				CLANG_ENABLE_MODULES = YES;
				CLANG_ENABLE_OBJC_ARC = YES;
				CLANG_ENABLE_OBJC_WEAK = YES;
				CLANG_WARN_BLOCK_CAPTURE_AUTORELEASING = YES;
				CLANG_WARN_BOOL_CONVERSION = YES;
				CLANG_WARN_COMMA = YES;
				CLANG_WARN_CONSTANT_CONVERSION = YES;
				CLANG_WARN_DEPRECATED_OBJC_IMPLEMENTATIONS = YES;
				CLANG_WARN_DIRECT_OBJC_ISA_USAGE = YES_ERROR;
				CLANG_WARN_DOCUMENTATION_COMMENTS = YES;
				CLANG_WARN_EMPTY_BODY = YES;
				CLANG_WARN_ENUM_CONVERSION = YES;
				CLANG_WARN_INFINITE_RECURSION = YES;
				CLANG_WARN_INT_CONVERSION = YES;
				CLANG_WARN_NON_LITERAL_NULL_CONVERSION = YES;
				CLANG_WARN_OBJC_IMPLICIT_RETAIN_SELF = YES;
				CLANG_WARN_OBJC_LITERAL_CONVERSION = YES;
				CLANG_WARN_OBJC_ROOT_CLASS = YES_ERROR;
				CLANG_WARN_QUOTED_INCLUDE_IN_FRAMEWORK_HEADER = YES;
				CLANG_WARN_RANGE_LOOP_ANALYSIS = YES;
				CLANG_WARN_STRICT_PROTOTYPES = YES;
				CLANG_WARN_SUSPICIOUS_MOVE = YES;
				CLANG_WARN_UNGUARDED_AVAILABILITY = YES_AGGRESSIVE;
				CLANG_WARN_UNREACHABLE_CODE = YES;
				CLANG_WARN__DUPLICATE_METHOD_MATCH = YES;
				COPY_PHASE_STRIP = NO;
				DEBUG_INFORMATION_FORMAT = "dwarf-with-dsym";
				ENABLE_NS_ASSERTIONS = NO;
				ENABLE_STRICT_OBJC_MSGSEND = YES;
				ENABLE_USER_SCRIPT_SANDBOXING = YES;
				GCC_C_LANGUAGE_STANDARD = gnu17;
				GCC_NO_COMMON_BLOCKS = YES;
				GCC_WARN_64_TO_32_BIT_CONVERSION = YES;
				GCC_WARN_ABOUT_RETURN_TYPE = YES_ERROR;
				GCC_WARN_UNDECLARED_SELECTOR = YES;
				GCC_WARN_UNINITIALIZED_AUTOS = YES_AGGRESSIVE;
				GCC_WARN_UNUSED_FUNCTION = YES;
				GCC_WARN_UNUSED_VARIABLE = YES;
				IPHONEOS_DEPLOYMENT_TARGET = 17.5;
				LOCALIZATION_PREFERS_STRING_CATALOGS = YES;
				MTL_ENABLE_DEBUG_INFO = NO;
				MTL_FAST_MATH = YES;
				SDKROOT = iphoneos;
				SWIFT_COMPILATION_MODE = wholemodule;
				VALIDATE_PRODUCT = YES;
			};
			name = Release;
		};
		10B835762C46AE0500A5322D /* Debug */ = {
			isa = XCBuildConfiguration;
			buildSettings = {
				ASSETCATALOG_COMPILER_APPICON_NAME = AppIcon;
				ASSETCATALOG_COMPILER_GLOBAL_ACCENT_COLOR_NAME = AccentColor;
				ASSETCATALOG_COMPILER_INCLUDE_ALL_APPICON_ASSETS = YES;
				CODE_SIGN_STYLE = Automatic;
				CURRENT_PROJECT_VERSION = 1;
				GENERATE_INFOPLIST_FILE = YES;
				INFOPLIST_FILE = Restaurante/Info.plist;
				INFOPLIST_KEY_UIApplicationSupportsIndirectInputEvents = YES;
				INFOPLIST_KEY_UILaunchStoryboardName = LaunchScreen;
				INFOPLIST_KEY_UIMainStoryboardFile = Main;
				INFOPLIST_KEY_UISupportedInterfaceOrientations_iPad = "UIInterfaceOrientationPortrait UIInterfaceOrientationPortraitUpsideDown UIInterfaceOrientationLandscapeLeft UIInterfaceOrientationLandscapeRight";
				INFOPLIST_KEY_UISupportedInterfaceOrientations_iPhone = "UIInterfaceOrientationPortrait UIInterfaceOrientationLandscapeLeft UIInterfaceOrientationLandscapeRight";
				LD_RUNPATH_SEARCH_PATHS = (
					"$(inherited)",
					"@executable_path/Frameworks",
				);
				MARKETING_VERSION = 1.0;
				PRODUCT_BUNDLE_IDENTIFIER = org.mx.empresa.Restaurante;
				PRODUCT_NAME = "$(TARGET_NAME)";
				SWIFT_EMIT_LOC_STRINGS = YES;
				SWIFT_VERSION = 5.0;
				TARGETED_DEVICE_FAMILY = "1,2";
			};
			name = Debug;
		};
		10B835772C46AE0500A5322D /* Release */ = {
			isa = XCBuildConfiguration;
			buildSettings = {
				ASSETCATALOG_COMPILER_APPICON_NAME = AppIcon;
				ASSETCATALOG_COMPILER_GLOBAL_ACCENT_COLOR_NAME = AccentColor;
				ASSETCATALOG_COMPILER_INCLUDE_ALL_APPICON_ASSETS = YES;
				CODE_SIGN_STYLE = Automatic;
				CURRENT_PROJECT_VERSION = 1;
				GENERATE_INFOPLIST_FILE = YES;
				INFOPLIST_FILE = Restaurante/Info.plist;
				INFOPLIST_KEY_UIApplicationSupportsIndirectInputEvents = YES;
				INFOPLIST_KEY_UILaunchStoryboardName = LaunchScreen;
				INFOPLIST_KEY_UIMainStoryboardFile = Main;
				INFOPLIST_KEY_UISupportedInterfaceOrientations_iPad = "UIInterfaceOrientationPortrait UIInterfaceOrientationPortraitUpsideDown UIInterfaceOrientationLandscapeLeft UIInterfaceOrientationLandscapeRight";
				INFOPLIST_KEY_UISupportedInterfaceOrientations_iPhone = "UIInterfaceOrientationPortrait UIInterfaceOrientationLandscapeLeft UIInterfaceOrientationLandscapeRight";
				LD_RUNPATH_SEARCH_PATHS = (
					"$(inherited)",
					"@executable_path/Frameworks",
				);
				MARKETING_VERSION = 1.0;
				PRODUCT_BUNDLE_IDENTIFIER = org.mx.empresa.Restaurante;
				PRODUCT_NAME = "$(TARGET_NAME)";
				SWIFT_EMIT_LOC_STRINGS = YES;
				SWIFT_VERSION = 5.0;
				TARGETED_DEVICE_FAMILY = "1,2";
			};
			name = Release;
		};
		10B835792C46AE0500A5322D /* Debug */ = {
			isa = XCBuildConfiguration;
			buildSettings = {
				ALWAYS_EMBED_SWIFT_STANDARD_LIBRARIES = YES;
				BUNDLE_LOADER = "$(TEST_HOST)";
				CODE_SIGN_STYLE = Automatic;
				CURRENT_PROJECT_VERSION = 1;
				GENERATE_INFOPLIST_FILE = YES;
				IPHONEOS_DEPLOYMENT_TARGET = 17.5;
				MARKETING_VERSION = 1.0;
				PRODUCT_BUNDLE_IDENTIFIER = org.mx.empresa.RestauranteTests;
				PRODUCT_NAME = "$(TARGET_NAME)";
				SWIFT_EMIT_LOC_STRINGS = NO;
				SWIFT_VERSION = 5.0;
				TARGETED_DEVICE_FAMILY = "1,2";
				TEST_HOST = "$(BUILT_PRODUCTS_DIR)/Restaurante.app/$(BUNDLE_EXECUTABLE_FOLDER_PATH)/Restaurante";
			};
			name = Debug;
		};
		10B8357A2C46AE0500A5322D /* Release */ = {
			isa = XCBuildConfiguration;
			buildSettings = {
				ALWAYS_EMBED_SWIFT_STANDARD_LIBRARIES = YES;
				BUNDLE_LOADER = "$(TEST_HOST)";
				CODE_SIGN_STYLE = Automatic;
				CURRENT_PROJECT_VERSION = 1;
				GENERATE_INFOPLIST_FILE = YES;
				IPHONEOS_DEPLOYMENT_TARGET = 17.5;
				MARKETING_VERSION = 1.0;
				PRODUCT_BUNDLE_IDENTIFIER = org.mx.empresa.RestauranteTests;
				PRODUCT_NAME = "$(TARGET_NAME)";
				SWIFT_EMIT_LOC_STRINGS = NO;
				SWIFT_VERSION = 5.0;
				TARGETED_DEVICE_FAMILY = "1,2";
				TEST_HOST = "$(BUILT_PRODUCTS_DIR)/Restaurante.app/$(BUNDLE_EXECUTABLE_FOLDER_PATH)/Restaurante";
			};
			name = Release;
		};
		10B8357C2C46AE0500A5322D /* Debug */ = {
			isa = XCBuildConfiguration;
			buildSettings = {
				ALWAYS_EMBED_SWIFT_STANDARD_LIBRARIES = YES;
				CODE_SIGN_STYLE = Automatic;
				CURRENT_PROJECT_VERSION = 1;
				GENERATE_INFOPLIST_FILE = YES;
				MARKETING_VERSION = 1.0;
				PRODUCT_BUNDLE_IDENTIFIER = org.mx.empresa.RestauranteUITests;
				PRODUCT_NAME = "$(TARGET_NAME)";
				SWIFT_EMIT_LOC_STRINGS = NO;
				SWIFT_VERSION = 5.0;
				TARGETED_DEVICE_FAMILY = "1,2";
				TEST_TARGET_NAME = Restaurante;
			};
			name = Debug;
		};
		10B8357D2C46AE0500A5322D /* Release */ = {
			isa = XCBuildConfiguration;
			buildSettings = {
				ALWAYS_EMBED_SWIFT_STANDARD_LIBRARIES = YES;
				CODE_SIGN_STYLE = Automatic;
				CURRENT_PROJECT_VERSION = 1;
				GENERATE_INFOPLIST_FILE = YES;
				MARKETING_VERSION = 1.0;
				PRODUCT_BUNDLE_IDENTIFIER = org.mx.empresa.RestauranteUITests;
				PRODUCT_NAME = "$(TARGET_NAME)";
				SWIFT_EMIT_LOC_STRINGS = NO;
				SWIFT_VERSION = 5.0;
				TARGETED_DEVICE_FAMILY = "1,2";
				TEST_TARGET_NAME = Restaurante;
			};
			name = Release;
		};
/* End XCBuildConfiguration section */

/* Begin XCConfigurationList section */
		10B835462C46AE0400A5322D /* Build configuration list for PBXProject "Restaurante" */ = {
			isa = XCConfigurationList;
			buildConfigurations = (
				10B835732C46AE0500A5322D /* Debug */,
				10B835742C46AE0500A5322D /* Release */,
			);
			defaultConfigurationIsVisible = 0;
			defaultConfigurationName = Release;
		};
		10B835752C46AE0500A5322D /* Build configuration list for PBXNativeTarget "Restaurante" */ = {
			isa = XCConfigurationList;
			buildConfigurations = (
				10B835762C46AE0500A5322D /* Debug */,
				10B835772C46AE0500A5322D /* Release */,
			);
			defaultConfigurationIsVisible = 0;
			defaultConfigurationName = Release;
		};
		10B835782C46AE0500A5322D /* Build configuration list for PBXNativeTarget "RestauranteTests" */ = {
			isa = XCConfigurationList;
			buildConfigurations = (
				10B835792C46AE0500A5322D /* Debug */,
				10B8357A2C46AE0500A5322D /* Release */,
			);
			defaultConfigurationIsVisible = 0;
			defaultConfigurationName = Release;
		};
		10B8357B2C46AE0500A5322D /* Build configuration list for PBXNativeTarget "RestauranteUITests" */ = {
			isa = XCConfigurationList;
			buildConfigurations = (
				10B8357C2C46AE0500A5322D /* Debug */,
				10B8357D2C46AE0500A5322D /* Release */,
			);
			defaultConfigurationIsVisible = 0;
			defaultConfigurationName = Release;
		};
/* End XCConfigurationList section */
	};
	rootObject = 10B835432C46AE0400A5322D /* Project object */;
}
